
Microsoft Visual Studio Solution File, Format Version 12.00
# Visual Studio Version 17
VisualStudioVersion = 17.0.31903.59
MinimumVisualStudioVersion = 10.0.40219.1
Project("{FAE04EC0-301F-11D3-BF4B-00C04F79EFBC}") = "Certification", "src\Certification.csproj", "{D9117AC3-185B-42D8-87A5-C28B46E597D6}"
EndProject
Global
	GlobalSection(SolutionConfigurationPlatforms) = preSolution
		Debug|Any CPU = Debug|Any CPU
		Release|Any CPU = Release|Any CPU
	EndGlobalSection
	GlobalSection(SolutionProperties) = preSolution
		HideSolutionNode = FALSE
	EndGlobalSection
	GlobalSection(ProjectConfigurationPlatforms) = postSolution
		{D9117AC3-185B-42D8-87A5-C28B46E597D6}.Debug|Any CPU.ActiveCfg = Debug|Any CPU
		{D9117AC3-185B-42D8-87A5-C28B46E597D6}.Debug|Any CPU.Build.0 = Debug|Any CPU
		{D9117AC3-185B-42D8-87A5-C28B46E597D6}.Release|Any CPU.ActiveCfg = Release|Any CPU
		{D9117AC3-185B-42D8-87A5-C28B46E597D6}.Release|Any CPU.Build.0 = Release|Any CPU
	EndGlobalSection
EndGlobal
